
Microsoft Visual Studio Solution File, Format Version 12.00
# Visual Studio Version 17
VisualStudioVersion = 17.7.34031.279
MinimumVisualStudioVersion = 10.0.40219.1
Project("{FAE04EC0-301F-11D3-BF4B-00C04F79EFBC}") = "UBAIDMANSOOR", "UBAIDMANSOOR\UBAIDMANSOOR.csproj", "{23F224B5-8235-4C7E-876C-DF7B5902BFD1}"
EndProject
Global
	GlobalSection(SolutionConfigurationPlatforms) = preSolution
		Debug|Any CPU = Debug|Any CPU
		Release|Any CPU = Release|Any CPU
	EndGlobalSection
	GlobalSection(ProjectConfigurationPlatforms) = postSolution
		{23F224B5-8235-4C7E-876C-DF7B5902BFD1}.Debug|Any CPU.ActiveCfg = Debug|Any CPU
		{23F224B5-8235-4C7E-876C-DF7B5902BFD1}.Debug|Any CPU.Build.0 = Debug|Any CPU
		{23F224B5-8235-4C7E-876C-DF7B5902BFD1}.Release|Any CPU.ActiveCfg = Release|Any CPU
		{23F224B5-8235-4C7E-876C-DF7B5902BFD1}.Release|Any CPU.Build.0 = Release|Any CPU
	EndGlobalSection
	GlobalSection(SolutionProperties) = preSolution
		HideSolutionNode = FALSE
	EndGlobalSection
	GlobalSection(ExtensibilityGlobals) = postSolution
		SolutionGuid = {B3B9B086-F3D5-4C46-9985-A85428118A2B}
	EndGlobalSection
EndGlobal
